<?xml version="1.0" encoding="utf-8"?>
<Project ToolsVersion="4.0" xmlns="http://schemas.microsoft.com/developer/msbuild/2003">
  <ItemGroup>
    <Filter Include="File di origine">
      <UniqueIdentifier>{4FC737F1-C7A5-4376-A066-2A32D752A2FF}</UniqueIdentifier>
      <Extensions>cpp;c;cc;cxx;def;odl;idl;hpj;bat;asm;asmx</Extensions>
    </Filter>
    <Filter Include="File di intestazione">
      <UniqueIdentifier>{93995380-89BD-4b04-88EB-625FBE52EBFB}</UniqueIdentifier>
      <Extensions>h;hh;hpp;hxx;hm;inl;inc;ipp;xsd</Extensions>
    </Filter>
    <Filter Include="File di risorse">
      <UniqueIdentifier>{67DA6AB6-F800-4c08-8B7A-83BB121AAD01}</UniqueIdentifier>
      <Extensions>rc;ico;cur;bmp;dlg;rc2;rct;bin;rgs;gif;jpg;jpeg;jpe;resx;tiff;tif;png;wav;mfcribbon-ms</Extensions>
    </Filter>
    <Filter Include="matrice">
      <UniqueIdentifier>{0ece3264-4d38-4c70-9875-834a13211263}</UniqueIdentifier>
    </Filter>
    <Filter Include="File di origine\Import">
      <UniqueIdentifier>{03e22b39-df4a-4c95-9a8c-3f227f820014}</UniqueIdentifier>
    </Filter>
    <Filter Include="File di origine\Export">
      <UniqueIdentifier>{850e155d-ad1d-499b-8991-4030cad550aa}</UniqueIdentifier>
    </Filter>
    <Filter Include="File di origine\algoritmi">
      <UniqueIdentifier>{b73f3b3c-39f3-494b-b3c4-64483c3863b3}</UniqueIdentifier>
    </Filter>
    <Filter Include="File di intestazione\Import">
      <UniqueIdentifier>{4a39be33-0e1c-4ab8-beb4-6471d886a8ec}</UniqueIdentifier>
    </Filter>
    <Filter Include="File di intestazione\Export">
      <UniqueIdentifier>{86cae20a-d2e2-41ae-b186-d9c60a8dc68f}</UniqueIdentifier>
    </Filter>
    <Filter Include="File di intestazione\Algoritmi">
      <UniqueIdentifier>{685b51ed-614e-4540-ad0d-d629c4157f7c}</UniqueIdentifier>
    </Filter>
    <Filter Include="File di origine\Forms">
      <UniqueIdentifier>{755ea993-4a58-4a01-985a-e3b45eb67944}</UniqueIdentifier>
    </Filter>
  </ItemGroup>
  <ItemGroup>
    <ClCompile Include="Matrici\bandmat.cpp">
      <Filter>matrice</Filter>
    </ClCompile>
    <ClCompile Include="Matrici\cholesky.cpp">
      <Filter>matrice</Filter>
    </ClCompile>
    <ClCompile Include="Matrici\evalue.cpp">
      <Filter>matrice</Filter>
    </ClCompile>
    <ClCompile Include="Matrici\fft.cpp">
      <Filter>matrice</Filter>
    </ClCompile>
    <ClCompile Include="Matrici\hholder.cpp">
      <Filter>matrice</Filter>
    </ClCompile>
    <ClCompile Include="Matrici\jacobi.cpp">
      <Filter>matrice</Filter>
    </ClCompile>
    <ClCompile Include="Matrici\myexcept.cpp">
      <Filter>matrice</Filter>
    </ClCompile>
    <ClCompile Include="Matrici\newfft.cpp">
      <Filter>matrice</Filter>
    </ClCompile>
    <ClCompile Include="Matrici\newmat1.cpp">
      <Filter>matrice</Filter>
    </ClCompile>
    <ClCompile Include="Matrici\newmat2.cpp">
      <Filter>matrice</Filter>
    </ClCompile>
    <ClCompile Include="Matrici\newmat3.cpp">
      <Filter>matrice</Filter>
    </ClCompile>
    <ClCompile Include="Matrici\newmat4.cpp">
      <Filter>matrice</Filter>
    </ClCompile>
    <ClCompile Include="Matrici\newmat5.cpp">
      <Filter>matrice</Filter>
    </ClCompile>
    <ClCompile Include="Matrici\newmat6.cpp">
      <Filter>matrice</Filter>
    </ClCompile>
    <ClCompile Include="Matrici\newmat7.cpp">
      <Filter>matrice</Filter>
    </ClCompile>
    <ClCompile Include="Matrici\newmat8.cpp">
      <Filter>matrice</Filter>
    </ClCompile>
    <ClCompile Include="Matrici\newmat9.cpp">
      <Filter>matrice</Filter>
    </ClCompile>
    <ClCompile Include="Matrici\newmatex.cpp">
      <Filter>matrice</Filter>
    </ClCompile>
    <ClCompile Include="Matrici\newmatnl.cpp">
      <Filter>matrice</Filter>
    </ClCompile>
    <ClCompile Include="Matrici\newmatrm.cpp">
      <Filter>matrice</Filter>
    </ClCompile>
    <ClCompile Include="Matrici\nm_misc.cpp">
      <Filter>matrice</Filter>
    </ClCompile>
    <ClCompile Include="Matrici\solution.cpp">
      <Filter>matrice</Filter>
    </ClCompile>
    <ClCompile Include="Matrici\sort.cpp">
      <Filter>matrice</Filter>
    </ClCompile>
    <ClCompile Include="Matrici\submat.cpp">
      <Filter>matrice</Filter>
    </ClCompile>
    <ClCompile Include="Matrici\svd.cpp">
      <Filter>matrice</Filter>
    </ClCompile>
    <ClCompile Include="CSVimport.cpp">
      <Filter>File di origine\Import</Filter>
    </ClCompile>
    <ClCompile Include="PadreImport.cpp">
      <Filter>File di origine\Import</Filter>
    </ClCompile>
    <ClCompile Include="ImportTXT.cpp">
      <Filter>File di origine\Import</Filter>
    </ClCompile>
    <ClCompile Include="PadreExport.cpp">
      <Filter>File di origine\Export</Filter>
    </ClCompile>
    <ClCompile Include="Differenze_esplicite.cpp">
      <Filter>File di origine\algoritmi</Filter>
    </ClCompile>
    <ClCompile Include="differenze_implicite.cpp">
      <Filter>File di origine\algoritmi</Filter>
    </ClCompile>
    <ClCompile Include="ExportCSV.cpp">
      <Filter>File di origine\Export</Filter>
    </ClCompile>
    <ClCompile Include="ExportINI.cpp">
      <Filter>File di origine\Export</Filter>
    </ClCompile>
    <ClCompile Include="ExportTXT.cpp">
      <Filter>File di origine\Export</Filter>
    </ClCompile>
    <ClCompile Include="ImportINI.cpp">
      <Filter>File di origine\Import</Filter>
    </ClCompile>
    <ClCompile Include="FormMain.cpp">
      <Filter>File di origine\Forms</Filter>
    </ClCompile>
    <ClCompile Include="MyForm.cpp">
      <Filter>File di origine\Forms</Filter>
    </ClCompile>
  </ItemGroup>
  <ItemGroup>
    <ClInclude Include="FormMain.h">
      <Filter>File di origine</Filter>
    </ClInclude>
    <ClInclude Include="Matrici\controlw.h">
      <Filter>matrice</Filter>
    </ClInclude>
    <ClInclude Include="Matrici\include.h">
      <Filter>matrice</Filter>
    </ClInclude>
    <ClInclude Include="Matrici\myexcept.h">
      <Filter>matrice</Filter>
    </ClInclude>
    <ClInclude Include="Matrici\newmat.h">
      <Filter>matrice</Filter>
    </ClInclude>
    <ClInclude Include="Matrici\newmatap.h">
      <Filter>matrice</Filter>
    </ClInclude>
    <ClInclude Include="Matrici\newmatio.h">
      <Filter>matrice</Filter>
    </ClInclude>
    <ClInclude Include="Matrici\newmatnl.h">
      <Filter>matrice</Filter>
    </ClInclude>
    <ClInclude Include="Matrici\newmatrc.h">
      <Filter>matrice</Filter>
    </ClInclude>
    <ClInclude Include="Matrici\newmatrm.h">
      <Filter>matrice</Filter>
    </ClInclude>
    <ClInclude Include="Matrici\precisio.h">
      <Filter>matrice</Filter>
    </ClInclude>
    <ClInclude Include="Matrici\solution.h">
      <Filter>matrice</Filter>
    </ClInclude>
    <ClInclude Include="Matrici\tmt.h">
      <Filter>matrice</Filter>
    </ClInclude>
    <ClInclude Include="ImportTXT.h">
      <Filter>File di intestazione\Import</Filter>
    </ClInclude>
    <ClInclude Include="PadreImport.h">
      <Filter>File di intestazione\Import</Filter>
    </ClInclude>
    <ClInclude Include="CSVimport.h">
      <Filter>File di intestazione\Import</Filter>
    </ClInclude>
    <ClInclude Include="PadreExport.h">
      <Filter>File di intestazione\Export</Filter>
    </ClInclude>
    <ClInclude Include="ExportCSV.h">
      <Filter>File di intestazione\Export</Filter>
    </ClInclude>
    <ClInclude Include="ClassePadreDifferenze.h">
      <Filter>File di intestazione\Algoritmi</Filter>
    </ClInclude>
    <ClInclude Include="Differenze_esplicite.h">
      <Filter>File di intestazione\Algoritmi</Filter>
    </ClInclude>
    <ClInclude Include="differenze_implicite.h">
      <Filter>File di intestazione\Algoritmi</Filter>
    </ClInclude>
    <ClInclude Include="ExportINI.h">
      <Filter>File di intestazione\Export</Filter>
    </ClInclude>
    <ClInclude Include="ExportTXT.h">
      <Filter>File di intestazione\Export</Filter>
    </ClInclude>
    <ClInclude Include="ImportINI.h">
      <Filter>File di intestazione\Import</Filter>
    </ClInclude>
    <ClInclude Include="MyForm.h">
      <Filter>File di origine</Filter>
    </ClInclude>
  </ItemGroup>
  <ItemGroup>
    <EmbeddedResource Include="FormMain.resx">
      <Filter>File di risorse</Filter>
    </EmbeddedResource>
    <EmbeddedResource Include="MyForm.resx">
      <Filter>File di risorse</Filter>
    </EmbeddedResource>
  </ItemGroup>
</Project>