<?xml version="1.0" encoding="utf-8"?>
<Project ToolsVersion="4.0" xmlns="http://schemas.microsoft.com/developer/msbuild/2003">
  <ItemGroup>
    <Filter Include="File di origine">
      <UniqueIdentifier>{4FC737F1-C7A5-4376-A066-2A32D752A2FF}</UniqueIdentifier>
      <Extensions>cpp;c;cc;cxx;def;odl;idl;hpj;bat;asm;asmx</Extensions>
    </Filter>
    <Filter Include="File di intestazione">
      <UniqueIdentifier>{93995380-89BD-4b04-88EB-625FBE52EBFB}</UniqueIdentifier>
      <Extensions>h;hh;hpp;hxx;hm;inl;inc;ipp;xsd</Extensions>
    </Filter>
    <Filter Include="File di risorse">
      <UniqueIdentifier>{67DA6AB6-F800-4c08-8B7A-83BB121AAD01}</UniqueIdentifier>
      <Extensions>rc;ico;cur;bmp;dlg;rc2;rct;bin;rgs;gif;jpg;jpeg;jpe;resx;tiff;tif;png;wav;mfcribbon-ms</Extensions>
    </Filter>
    <Filter Include="File di intestazione\Matrice">
      <UniqueIdentifier>{5f5f0a9d-6b23-444a-ba21-01e2b1626c2f}</UniqueIdentifier>
    </Filter>
  </ItemGroup>
  <ItemGroup>
    <ClInclude Include="TXTimport.h">
      <Filter>File di intestazione</Filter>
    </ClInclude>
    <ClInclude Include="Differenze_finite_esplicite.h">
      <Filter>File di intestazione</Filter>
    </ClInclude>
    <ClInclude Include="CSVimport.h">
      <Filter>File di intestazione</Filter>
    </ClInclude>
    <ClInclude Include="CSVexport.h">
      <Filter>File di intestazione</Filter>
    </ClInclude>
    <ClInclude Include="differenze_implicite.h">
      <Filter>File di intestazione</Filter>
    </ClInclude>
    <ClInclude Include="Matrici\controlw.h">
      <Filter>File di intestazione\Matrice</Filter>
    </ClInclude>
    <ClInclude Include="Matrici\include.h">
      <Filter>File di intestazione\Matrice</Filter>
    </ClInclude>
    <ClInclude Include="Matrici\myexcept.h">
      <Filter>File di intestazione\Matrice</Filter>
    </ClInclude>
    <ClInclude Include="Matrici\newmat.h">
      <Filter>File di intestazione\Matrice</Filter>
    </ClInclude>
    <ClInclude Include="Matrici\newmatap.h">
      <Filter>File di intestazione\Matrice</Filter>
    </ClInclude>
    <ClInclude Include="Matrici\newmatio.h">
      <Filter>File di intestazione\Matrice</Filter>
    </ClInclude>
    <ClInclude Include="Matrici\newmatnl.h">
      <Filter>File di intestazione\Matrice</Filter>
    </ClInclude>
    <ClInclude Include="Matrici\newmatrc.h">
      <Filter>File di intestazione\Matrice</Filter>
    </ClInclude>
    <ClInclude Include="Matrici\newmatrm.h">
      <Filter>File di intestazione\Matrice</Filter>
    </ClInclude>
    <ClInclude Include="Matrici\precisio.h">
      <Filter>File di intestazione\Matrice</Filter>
    </ClInclude>
    <ClInclude Include="Matrici\solution.h">
      <Filter>File di intestazione\Matrice</Filter>
    </ClInclude>
    <ClInclude Include="Matrici\tmt.h">
      <Filter>File di intestazione\Matrice</Filter>
    </ClInclude>
  </ItemGroup>
  <ItemGroup>
    <ClCompile Include="pch.cpp">
      <Filter>File di origine</Filter>
    </ClCompile>
    <ClCompile Include="CSVimport.cpp">
      <Filter>File di origine</Filter>
    </ClCompile>
    <ClCompile Include="MAIN.cpp">
      <Filter>File di origine</Filter>
    </ClCompile>
    <ClCompile Include="TXTimport.cpp">
      <Filter>File di origine</Filter>
    </ClCompile>
    <ClCompile Include="Differenze_finite_esplicite.cpp">
      <Filter>File di origine</Filter>
    </ClCompile>
    <ClCompile Include="CSVexport.cpp">
      <Filter>File di origine</Filter>
    </ClCompile>
    <ClCompile Include="differenze_implicite.cpp">
      <Filter>File di origine</Filter>
    </ClCompile>
    <ClCompile Include="Matrici\bandmat.cpp">
      <Filter>File di intestazione\Matrice</Filter>
    </ClCompile>
    <ClCompile Include="Matrici\cholesky.cpp">
      <Filter>File di intestazione\Matrice</Filter>
    </ClCompile>
    <ClCompile Include="Matrici\evalue.cpp">
      <Filter>File di intestazione\Matrice</Filter>
    </ClCompile>
    <ClCompile Include="Matrici\fft.cpp">
      <Filter>File di intestazione\Matrice</Filter>
    </ClCompile>
    <ClCompile Include="Matrici\hholder.cpp">
      <Filter>File di intestazione\Matrice</Filter>
    </ClCompile>
    <ClCompile Include="Matrici\jacobi.cpp">
      <Filter>File di intestazione\Matrice</Filter>
    </ClCompile>
    <ClCompile Include="Matrici\myexcept.cpp">
      <Filter>File di intestazione\Matrice</Filter>
    </ClCompile>
    <ClCompile Include="Matrici\newfft.cpp">
      <Filter>File di intestazione\Matrice</Filter>
    </ClCompile>
    <ClCompile Include="Matrici\newmat1.cpp">
      <Filter>File di intestazione\Matrice</Filter>
    </ClCompile>
    <ClCompile Include="Matrici\newmat2.cpp">
      <Filter>File di intestazione\Matrice</Filter>
    </ClCompile>
    <ClCompile Include="Matrici\newmat3.cpp">
      <Filter>File di intestazione\Matrice</Filter>
    </ClCompile>
    <ClCompile Include="Matrici\newmat4.cpp">
      <Filter>File di intestazione\Matrice</Filter>
    </ClCompile>
    <ClCompile Include="Matrici\newmat5.cpp">
      <Filter>File di intestazione\Matrice</Filter>
    </ClCompile>
    <ClCompile Include="Matrici\newmat6.cpp">
      <Filter>File di intestazione\Matrice</Filter>
    </ClCompile>
    <ClCompile Include="Matrici\newmat7.cpp">
      <Filter>File di intestazione\Matrice</Filter>
    </ClCompile>
    <ClCompile Include="Matrici\newmat8.cpp">
      <Filter>File di intestazione\Matrice</Filter>
    </ClCompile>
    <ClCompile Include="Matrici\newmat9.cpp">
      <Filter>File di intestazione\Matrice</Filter>
    </ClCompile>
    <ClCompile Include="Matrici\newmatex.cpp">
      <Filter>File di intestazione\Matrice</Filter>
    </ClCompile>
    <ClCompile Include="Matrici\newmatnl.cpp">
      <Filter>File di intestazione\Matrice</Filter>
    </ClCompile>
    <ClCompile Include="Matrici\newmatrm.cpp">
      <Filter>File di intestazione\Matrice</Filter>
    </ClCompile>
    <ClCompile Include="Matrici\nm_misc.cpp">
      <Filter>File di intestazione\Matrice</Filter>
    </ClCompile>
    <ClCompile Include="Matrici\solution.cpp">
      <Filter>File di intestazione\Matrice</Filter>
    </ClCompile>
    <ClCompile Include="Matrici\sort.cpp">
      <Filter>File di intestazione\Matrice</Filter>
    </ClCompile>
    <ClCompile Include="Matrici\submat.cpp">
      <Filter>File di intestazione\Matrice</Filter>
    </ClCompile>
    <ClCompile Include="Matrici\svd.cpp">
      <Filter>File di intestazione\Matrice</Filter>
    </ClCompile>
  </ItemGroup>
  <ItemGroup>
    <ResourceCompile Include="Finite.rc">
      <Filter>File di risorse</Filter>
    </ResourceCompile>
  </ItemGroup>
</Project>